
Microsoft Visual Studio Solution File, Format Version 12.00
# Visual Studio Version 17
VisualStudioVersion = 17.1.32228.430
MinimumVisualStudioVersion = 10.0.40219.1
Project("{9A19103F-16F7-4668-BE54-9A1E7A4F7556}") = "assignment_1", "assignment_1.csproj", "{CABD5C12-C546-4CE2-AD51-3BD83E8B9CFC}"
EndProject
Project("{9A19103F-16F7-4668-BE54-9A1E7A4F7556}") = "DataAcessLayer", "..\DataAcessLayer\DataAcessLayer.csproj", "{13B70F13-011D-497B-B671-572540A2ECC9}"
EndProject
Project("{9A19103F-16F7-4668-BE54-9A1E7A4F7556}") = "BusinessLogicLayer", "..\BusinessLogicLayer\BusinessLogicLayer.csproj", "{C3D41291-FB88-4530-9B8C-98A63D3AF40F}"
EndProject
Project("{9A19103F-16F7-4668-BE54-9A1E7A4F7556}") = "PresentationLayer", "..\PresentationLayer\PresentationLayer.csproj", "{63A8325D-8AD7-462E-B995-C6B1CF59510D}"
EndProject
Project("{FAE04EC0-301F-11D3-BF4B-00C04F79EFBC}") = "Customer_BusinessObj", "..\Customer_BusinessObj\Customer_BusinessObj.csproj", "{4D2E6BF8-8DB3-46E0-B3FB-9BE9E000F29A}"
EndProject
Global
	GlobalSection(SolutionConfigurationPlatforms) = preSolution
		Debug|Any CPU = Debug|Any CPU
		Release|Any CPU = Release|Any CPU
	EndGlobalSection
	GlobalSection(ProjectConfigurationPlatforms) = postSolution
		{CABD5C12-C546-4CE2-AD51-3BD83E8B9CFC}.Debug|Any CPU.ActiveCfg = Debug|Any CPU
		{CABD5C12-C546-4CE2-AD51-3BD83E8B9CFC}.Debug|Any CPU.Build.0 = Debug|Any CPU
		{CABD5C12-C546-4CE2-AD51-3BD83E8B9CFC}.Release|Any CPU.ActiveCfg = Release|Any CPU
		{CABD5C12-C546-4CE2-AD51-3BD83E8B9CFC}.Release|Any CPU.Build.0 = Release|Any CPU
		{13B70F13-011D-497B-B671-572540A2ECC9}.Debug|Any CPU.ActiveCfg = Debug|Any CPU
		{13B70F13-011D-497B-B671-572540A2ECC9}.Debug|Any CPU.Build.0 = Debug|Any CPU
		{13B70F13-011D-497B-B671-572540A2ECC9}.Release|Any CPU.ActiveCfg = Release|Any CPU
		{13B70F13-011D-497B-B671-572540A2ECC9}.Release|Any CPU.Build.0 = Release|Any CPU
		{C3D41291-FB88-4530-9B8C-98A63D3AF40F}.Debug|Any CPU.ActiveCfg = Debug|Any CPU
		{C3D41291-FB88-4530-9B8C-98A63D3AF40F}.Debug|Any CPU.Build.0 = Debug|Any CPU
		{C3D41291-FB88-4530-9B8C-98A63D3AF40F}.Release|Any CPU.ActiveCfg = Release|Any CPU
		{C3D41291-FB88-4530-9B8C-98A63D3AF40F}.Release|Any CPU.Build.0 = Release|Any CPU
		{63A8325D-8AD7-462E-B995-C6B1CF59510D}.Debug|Any CPU.ActiveCfg = Debug|Any CPU
		{63A8325D-8AD7-462E-B995-C6B1CF59510D}.Debug|Any CPU.Build.0 = Debug|Any CPU
		{63A8325D-8AD7-462E-B995-C6B1CF59510D}.Release|Any CPU.ActiveCfg = Release|Any CPU
		{63A8325D-8AD7-462E-B995-C6B1CF59510D}.Release|Any CPU.Build.0 = Release|Any CPU
		{4D2E6BF8-8DB3-46E0-B3FB-9BE9E000F29A}.Debug|Any CPU.ActiveCfg = Debug|Any CPU
		{4D2E6BF8-8DB3-46E0-B3FB-9BE9E000F29A}.Debug|Any CPU.Build.0 = Debug|Any CPU
		{4D2E6BF8-8DB3-46E0-B3FB-9BE9E000F29A}.Release|Any CPU.ActiveCfg = Release|Any CPU
		{4D2E6BF8-8DB3-46E0-B3FB-9BE9E000F29A}.Release|Any CPU.Build.0 = Release|Any CPU
	EndGlobalSection
	GlobalSection(SolutionProperties) = preSolution
		HideSolutionNode = FALSE
	EndGlobalSection
	GlobalSection(ExtensibilityGlobals) = postSolution
		SolutionGuid = {EC762C44-C4E2-4F2A-B457-B19422A529A9}
	EndGlobalSection
EndGlobal
